// !$*UTF8*$!
{
	archiveVersion = 1;
	classes = {
	};
	objectVersion = 50;
	objects = {

/* Begin PBXBuildFile section */
		7058D54D25126876005DE9DC /* SwiftUIExtraAnimationsApp.swift in Sources */ = {isa = PBXBuildFile; fileRef = 7058D54C25126876005DE9DC /* SwiftUIExtraAnimationsApp.swift */; };
		7058D54F25126876005DE9DC /* ContentView.swift in Sources */ = {isa = PBXBuildFile; fileRef = 7058D54E25126876005DE9DC /* ContentView.swift */; };
		7058D55125126877005DE9DC /* Assets.xcassets in Resources */ = {isa = PBXBuildFile; fileRef = 7058D55025126877005DE9DC /* Assets.xcassets */; };
		7058D55425126877005DE9DC /* Preview Assets.xcassets in Resources */ = {isa = PBXBuildFile; fileRef = 7058D55325126877005DE9DC /* Preview Assets.xcassets */; };
		7058D55C25126960005DE9DC /* SecondAnimation.swift in Sources */ = {isa = PBXBuildFile; fileRef = 7058D55B25126960005DE9DC /* SecondAnimation.swift */; };
		7058D55E25126A6B005DE9DC /* ThirdAnimation.swift in Sources */ = {isa = PBXBuildFile; fileRef = 7058D55D25126A6B005DE9DC /* ThirdAnimation.swift */; };
		7058D56025126AB2005DE9DC /* CapsuleFluid.swift in Sources */ = {isa = PBXBuildFile; fileRef = 7058D55F25126AB2005DE9DC /* CapsuleFluid.swift */; };
		7058D56425126B39005DE9DC /* FourthAnimations.swift in Sources */ = {isa = PBXBuildFile; fileRef = 7058D56325126B39005DE9DC /* FourthAnimations.swift */; };
/* End PBXBuildFile section */

/* Begin PBXFileReference section */
		7058D54925126876005DE9DC /* SwiftUIExtraAnimations.app */ = {isa = PBXFileReference; explicitFileType = wrapper.application; includeInIndex = 0; path = SwiftUIExtraAnimations.app; sourceTree = BUILT_PRODUCTS_DIR; };
		7058D54C25126876005DE9DC /* SwiftUIExtraAnimationsApp.swift */ = {isa = PBXFileReference; lastKnownFileType = sourcecode.swift; path = SwiftUIExtraAnimationsApp.swift; sourceTree = "<group>"; };
		7058D54E25126876005DE9DC /* ContentView.swift */ = {isa = PBXFileReference; lastKnownFileType = sourcecode.swift; path = ContentView.swift; sourceTree = "<group>"; };
		7058D55025126877005DE9DC /* Assets.xcassets */ = {isa = PBXFileReference; lastKnownFileType = folder.assetcatalog; path = Assets.xcassets; sourceTree = "<group>"; };
		7058D55325126877005DE9DC /* Preview Assets.xcassets */ = {isa = PBXFileReference; lastKnownFileType = folder.assetcatalog; path = "Preview Assets.xcassets"; sourceTree = "<group>"; };
		7058D55525126877005DE9DC /* Info.plist */ = {isa = PBXFileReference; lastKnownFileType = text.plist.xml; path = Info.plist; sourceTree = "<group>"; };
		7058D55B25126960005DE9DC /* SecondAnimation.swift */ = {isa = PBXFileReference; lastKnownFileType = sourcecode.swift; path = SecondAnimation.swift; sourceTree = "<group>"; };
		7058D55D25126A6B005DE9DC /* ThirdAnimation.swift */ = {isa = PBXFileReference; lastKnownFileType = sourcecode.swift; path = ThirdAnimation.swift; sourceTree = "<group>"; };
		7058D55F25126AB2005DE9DC /* CapsuleFluid.swift */ = {isa = PBXFileReference; lastKnownFileType = sourcecode.swift; path = CapsuleFluid.swift; sourceTree = "<group>"; };
		7058D56325126B39005DE9DC /* FourthAnimations.swift */ = {isa = PBXFileReference; lastKnownFileType = sourcecode.swift; path = FourthAnimations.swift; sourceTree = "<group>"; };
/* End PBXFileReference section */

/* Begin PBXFrameworksBuildPhase section */
		7058D54625126876005DE9DC /* Frameworks */ = {
			isa = PBXFrameworksBuildPhase;
			buildActionMask = 2147483647;
			files = (
			);
			runOnlyForDeploymentPostprocessing = 0;
		};
/* End PBXFrameworksBuildPhase section */

/* Begin PBXGroup section */
		7058D54025126876005DE9DC = {
			isa = PBXGroup;
			children = (
				7058D54B25126876005DE9DC /* SwiftUIExtraAnimations */,
				7058D54A25126876005DE9DC /* Products */,
			);
			sourceTree = "<group>";
		};
		7058D54A25126876005DE9DC /* Products */ = {
			isa = PBXGroup;
			children = (
				7058D54925126876005DE9DC /* SwiftUIExtraAnimations.app */,
			);
			name = Products;
			sourceTree = "<group>";
		};
		7058D54B25126876005DE9DC /* SwiftUIExtraAnimations */ = {
			isa = PBXGroup;
			children = (
				7058D54C25126876005DE9DC /* SwiftUIExtraAnimationsApp.swift */,
				7058D54E25126876005DE9DC /* ContentView.swift */,
				7058D55B25126960005DE9DC /* SecondAnimation.swift */,
				7058D55D25126A6B005DE9DC /* ThirdAnimation.swift */,
				7058D56325126B39005DE9DC /* FourthAnimations.swift */,
				7058D55F25126AB2005DE9DC /* CapsuleFluid.swift */,
				7058D55025126877005DE9DC /* Assets.xcassets */,
				7058D55525126877005DE9DC /* Info.plist */,
				7058D55225126877005DE9DC /* Preview Content */,
			);
			path = SwiftUIExtraAnimations;
			sourceTree = "<group>";
		};
		7058D55225126877005DE9DC /* Preview Content */ = {
			isa = PBXGroup;
			children = (
				7058D55325126877005DE9DC /* Preview Assets.xcassets */,
			);
			path = "Preview Content";
			sourceTree = "<group>";
		};
/* End PBXGroup section */

/* Begin PBXNativeTarget section */
		7058D54825126876005DE9DC /* SwiftUIExtraAnimations */ = {
			isa = PBXNativeTarget;
			buildConfigurationList = 7058D55825126877005DE9DC /* Build configuration list for PBXNativeTarget "SwiftUIExtraAnimations" */;
			buildPhases = (
				7058D54525126876005DE9DC /* Sources */,
				7058D54625126876005DE9DC /* Frameworks */,
				7058D54725126876005DE9DC /* Resources */,
			);
			buildRules = (
			);
			dependencies = (
			);
			name = SwiftUIExtraAnimations;
			productName = SwiftUIExtraAnimations;
			productReference = 7058D54925126876005DE9DC /* SwiftUIExtraAnimations.app */;
			productType = "com.apple.product-type.application";
		};
/* End PBXNativeTarget section */

/* Begin PBXProject section */
		7058D54125126876005DE9DC /* Project object */ = {
			isa = PBXProject;
			attributes = {
				LastSwiftUpdateCheck = 1200;
				LastUpgradeCheck = 1200;
				TargetAttributes = {
					7058D54825126876005DE9DC = {
						CreatedOnToolsVersion = 12.0;
					};
				};
			};
			buildConfigurationList = 7058D54425126876005DE9DC /* Build configuration list for PBXProject "SwiftUIExtraAnimations" */;
			compatibilityVersion = "Xcode 9.3";
			developmentRegion = en;
			hasScannedForEncodings = 0;
			knownRegions = (
				en,
				Base,
			);
			mainGroup = 7058D54025126876005DE9DC;
			productRefGroup = 7058D54A25126876005DE9DC /* Products */;
			projectDirPath = "";
			projectRoot = "";
			targets = (
				7058D54825126876005DE9DC /* SwiftUIExtraAnimations */,
			);
		};
/* End PBXProject section */

/* Begin PBXResourcesBuildPhase section */
		7058D54725126876005DE9DC /* Resources */ = {
			isa = PBXResourcesBuildPhase;
			buildActionMask = 2147483647;
			files = (
				7058D55425126877005DE9DC /* Preview Assets.xcassets in Resources */,
				7058D55125126877005DE9DC /* Assets.xcassets in Resources */,
			);
			runOnlyForDeploymentPostprocessing = 0;
		};
/* End PBXResourcesBuildPhase section */

/* Begin PBXSourcesBuildPhase section */
		7058D54525126876005DE9DC /* Sources */ = {
			isa = PBXSourcesBuildPhase;
			buildActionMask = 2147483647;
			files = (
				7058D56025126AB2005DE9DC /* CapsuleFluid.swift in Sources */,
				7058D55C25126960005DE9DC /* SecondAnimation.swift in Sources */,
				7058D56425126B39005DE9DC /* FourthAnimations.swift in Sources */,
				7058D54F25126876005DE9DC /* ContentView.swift in Sources */,
				7058D55E25126A6B005DE9DC /* ThirdAnimation.swift in Sources */,
				7058D54D25126876005DE9DC /* SwiftUIExtraAnimationsApp.swift in Sources */,
			);
			runOnlyForDeploymentPostprocessing = 0;
		};
/* End PBXSourcesBuildPhase section */

/* Begin XCBuildConfiguration section */
		7058D55625126877005DE9DC /* Debug */ = {
			isa = XCBuildConfiguration;
			buildSettings = {
				ALWAYS_SEARCH_USER_PATHS = NO;
				CLANG_ANALYZER_NONNULL = YES;
				CLANG_ANALYZER_NUMBER_OBJECT_CONVERSION = YES_AGGRESSIVE;
				CLANG_CXX_LANGUAGE_STANDARD = "gnu++14";
				CLANG_CXX_LIBRARY = "libc++";
				CLANG_ENABLE_MODULES = YES;
				CLANG_ENABLE_OBJC_ARC = YES;
				CLANG_ENABLE_OBJC_WEAK = YES;
				CLANG_WARN_BLOCK_CAPTURE_AUTORELEASING = YES;
				CLANG_WARN_BOOL_CONVERSION = YES;
				CLANG_WARN_COMMA = YES;
				CLANG_WARN_CONSTANT_CONVERSION = YES;
				CLANG_WARN_DEPRECATED_OBJC_IMPLEMENTATIONS = YES;
				CLANG_WARN_DIRECT_OBJC_ISA_USAGE = YES_ERROR;
				CLANG_WARN_DOCUMENTATION_COMMENTS = YES;
				CLANG_WARN_EMPTY_BODY = YES;
				CLANG_WARN_ENUM_CONVERSION = YES;
				CLANG_WARN_INFINITE_RECURSION = YES;
				CLANG_WARN_INT_CONVERSION = YES;
				CLANG_WARN_NON_LITERAL_NULL_CONVERSION = YES;
				CLANG_WARN_OBJC_IMPLICIT_RETAIN_SELF = YES;
				CLANG_WARN_OBJC_LITERAL_CONVERSION = YES;
				CLANG_WARN_OBJC_ROOT_CLASS = YES_ERROR;
				CLANG_WARN_QUOTED_INCLUDE_IN_FRAMEWORK_HEADER = YES;
				CLANG_WARN_RANGE_LOOP_ANALYSIS = YES;
				CLANG_WARN_STRICT_PROTOTYPES = YES;
				CLANG_WARN_SUSPICIOUS_MOVE = YES;
				CLANG_WARN_UNGUARDED_AVAILABILITY = YES_AGGRESSIVE;
				CLANG_WARN_UNREACHABLE_CODE = YES;
				CLANG_WARN__DUPLICATE_METHOD_MATCH = YES;
				COPY_PHASE_STRIP = NO;
				DEBUG_INFORMATION_FORMAT = dwarf;
				ENABLE_STRICT_OBJC_MSGSEND = YES;
				ENABLE_TESTABILITY = YES;
				GCC_C_LANGUAGE_STANDARD = gnu11;
				GCC_DYNAMIC_NO_PIC = NO;
				GCC_NO_COMMON_BLOCKS = YES;
				GCC_OPTIMIZATION_LEVEL = 0;
				GCC_PREPROCESSOR_DEFINITIONS = (
					"DEBUG=1",
					"$(inherited)",
				);
				GCC_WARN_64_TO_32_BIT_CONVERSION = YES;
				GCC_WARN_ABOUT_RETURN_TYPE = YES_ERROR;
				GCC_WARN_UNDECLARED_SELECTOR = YES;
				GCC_WARN_UNINITIALIZED_AUTOS = YES_AGGRESSIVE;
				GCC_WARN_UNUSED_FUNCTION = YES;
				GCC_WARN_UNUSED_VARIABLE = YES;
				IPHONEOS_DEPLOYMENT_TARGET = 14.0;
				MTL_ENABLE_DEBUG_INFO = INCLUDE_SOURCE;
				MTL_FAST_MATH = YES;
				ONLY_ACTIVE_ARCH = YES;
				SDKROOT = iphoneos;
				SWIFT_ACTIVE_COMPILATION_CONDITIONS = DEBUG;
				SWIFT_OPTIMIZATION_LEVEL = "-Onone";
			};
			name = Debug;
		};
		7058D55725126877005DE9DC /* Release */ = {
			isa = XCBuildConfiguration;
			buildSettings = {
				ALWAYS_SEARCH_USER_PATHS = NO;
				CLANG_ANALYZER_NONNULL = YES;
				CLANG_ANALYZER_NUMBER_OBJECT_CONVERSION = YES_AGGRESSIVE;
				CLANG_CXX_LANGUAGE_STANDARD = "gnu++14";
				CLANG_CXX_LIBRARY = "libc++";
				CLANG_ENABLE_MODULES = YES;
				CLANG_ENABLE_OBJC_ARC = YES;
				CLANG_ENABLE_OBJC_WEAK = YES;
				CLANG_WARN_BLOCK_CAPTURE_AUTORELEASING = YES;
				CLANG_WARN_BOOL_CONVERSION = YES;
				CLANG_WARN_COMMA = YES;
				CLANG_WARN_CONSTANT_CONVERSION = YES;
				CLANG_WARN_DEPRECATED_OBJC_IMPLEMENTATIONS = YES;
				CLANG_WARN_DIRECT_OBJC_ISA_USAGE = YES_ERROR;
				CLANG_WARN_DOCUMENTATION_COMMENTS = YES;
				CLANG_WARN_EMPTY_BODY = YES;
				CLANG_WARN_ENUM_CONVERSION = YES;
				CLANG_WARN_INFINITE_RECURSION = YES;
				CLANG_WARN_INT_CONVERSION = YES;
				CLANG_WARN_NON_LITERAL_NULL_CONVERSION = YES;
				CLANG_WARN_OBJC_IMPLICIT_RETAIN_SELF = YES;
				CLANG_WARN_OBJC_LITERAL_CONVERSION = YES;
				CLANG_WARN_OBJC_ROOT_CLASS = YES_ERROR;
				CLANG_WARN_QUOTED_INCLUDE_IN_FRAMEWORK_HEADER = YES;
				CLANG_WARN_RANGE_LOOP_ANALYSIS = YES;
				CLANG_WARN_STRICT_PROTOTYPES = YES;
				CLANG_WARN_SUSPICIOUS_MOVE = YES;
				CLANG_WARN_UNGUARDED_AVAILABILITY = YES_AGGRESSIVE;
				CLANG_WARN_UNREACHABLE_CODE = YES;
				CLANG_WARN__DUPLICATE_METHOD_MATCH = YES;
				COPY_PHASE_STRIP = NO;
				DEBUG_INFORMATION_FORMAT = "dwarf-with-dsym";
				ENABLE_NS_ASSERTIONS = NO;
				ENABLE_STRICT_OBJC_MSGSEND = YES;
				GCC_C_LANGUAGE_STANDARD = gnu11;
				GCC_NO_COMMON_BLOCKS = YES;
				GCC_WARN_64_TO_32_BIT_CONVERSION = YES;
				GCC_WARN_ABOUT_RETURN_TYPE = YES_ERROR;
				GCC_WARN_UNDECLARED_SELECTOR = YES;
				GCC_WARN_UNINITIALIZED_AUTOS = YES_AGGRESSIVE;
				GCC_WARN_UNUSED_FUNCTION = YES;
				GCC_WARN_UNUSED_VARIABLE = YES;
				IPHONEOS_DEPLOYMENT_TARGET = 14.0;
				MTL_ENABLE_DEBUG_INFO = NO;
				MTL_FAST_MATH = YES;
				SDKROOT = iphoneos;
				SWIFT_COMPILATION_MODE = wholemodule;
				SWIFT_OPTIMIZATION_LEVEL = "-O";
				VALIDATE_PRODUCT = YES;
			};
			name = Release;
		};
		7058D55925126877005DE9DC /* Debug */ = {
			isa = XCBuildConfiguration;
			buildSettings = {
				ASSETCATALOG_COMPILER_APPICON_NAME = AppIcon;
				ASSETCATALOG_COMPILER_GLOBAL_ACCENT_COLOR_NAME = AccentColor;
				CODE_SIGN_STYLE = Automatic;
				DEVELOPMENT_ASSET_PATHS = "\"SwiftUIExtraAnimations/Preview Content\"";
				DEVELOPMENT_TEAM = C7UJQJ2BAR;
				ENABLE_PREVIEWS = YES;
				INFOPLIST_FILE = SwiftUIExtraAnimations/Info.plist;
				IPHONEOS_DEPLOYMENT_TARGET = 14.0;
				LD_RUNPATH_SEARCH_PATHS = (
					"$(inherited)",
					"@executable_path/Frameworks",
				);
				PRODUCT_BUNDLE_IDENTIFIER = com.furkanhanci.SwiftUIExtraAnimations;
				PRODUCT_NAME = "$(TARGET_NAME)";
				SWIFT_VERSION = 5.0;
				TARGETED_DEVICE_FAMILY = "1,2";
			};
			name = Debug;
		};
		7058D55A25126877005DE9DC /* Release */ = {
			isa = XCBuildConfiguration;
			buildSettings = {
				ASSETCATALOG_COMPILER_APPICON_NAME = AppIcon;
				ASSETCATALOG_COMPILER_GLOBAL_ACCENT_COLOR_NAME = AccentColor;
				CODE_SIGN_STYLE = Automatic;
				DEVELOPMENT_ASSET_PATHS = "\"SwiftUIExtraAnimations/Preview Content\"";
				DEVELOPMENT_TEAM = C7UJQJ2BAR;
				ENABLE_PREVIEWS = YES;
				INFOPLIST_FILE = SwiftUIExtraAnimations/Info.plist;
				IPHONEOS_DEPLOYMENT_TARGET = 14.0;
				LD_RUNPATH_SEARCH_PATHS = (
					"$(inherited)",
					"@executable_path/Frameworks",
				);
				PRODUCT_BUNDLE_IDENTIFIER = com.furkanhanci.SwiftUIExtraAnimations;
				PRODUCT_NAME = "$(TARGET_NAME)";
				SWIFT_VERSION = 5.0;
				TARGETED_DEVICE_FAMILY = "1,2";
			};
			name = Release;
		};
/* End XCBuildConfiguration section */

/* Begin XCConfigurationList section */
		7058D54425126876005DE9DC /* Build configuration list for PBXProject "SwiftUIExtraAnimations" */ = {
			isa = XCConfigurationList;
			buildConfigurations = (
				7058D55625126877005DE9DC /* Debug */,
				7058D55725126877005DE9DC /* Release */,
			);
			defaultConfigurationIsVisible = 0;
			defaultConfigurationName = Release;
		};
		7058D55825126877005DE9DC /* Build configuration list for PBXNativeTarget "SwiftUIExtraAnimations" */ = {
			isa = XCConfigurationList;
			buildConfigurations = (
				7058D55925126877005DE9DC /* Debug */,
				7058D55A25126877005DE9DC /* Release */,
			);
			defaultConfigurationIsVisible = 0;
			defaultConfigurationName = Release;
		};
/* End XCConfigurationList section */
	};
	rootObject = 7058D54125126876005DE9DC /* Project object */;
}
